
Microsoft Visual Studio Solution File, Format Version 12.00
# Visual Studio 15
VisualStudioVersion = 15.0.28307.1433
MinimumVisualStudioVersion = 10.0.40219.1
Project("{9A19103F-16F7-4668-BE54-9A1E7A4F7556}") = "ChessRules", "Chess\ChessRules.csproj", "{758DBDED-B4A6-4414-BDA9-81E0644C5CA3}"
EndProject
Project("{9A19103F-16F7-4668-BE54-9A1E7A4F7556}") = "DemoChess", "DemoChess\DemoChess.csproj", "{9D40FD25-7ECA-4118-83CE-6308258EE2BA}"
EndProject
Global
	GlobalSection(SolutionConfigurationPlatforms) = preSolution
		Debug|Any CPU = Debug|Any CPU
		Release|Any CPU = Release|Any CPU
	EndGlobalSection
	GlobalSection(ProjectConfigurationPlatforms) = postSolution
		{758DBDED-B4A6-4414-BDA9-81E0644C5CA3}.Debug|Any CPU.ActiveCfg = Debug|Any CPU
		{758DBDED-B4A6-4414-BDA9-81E0644C5CA3}.Debug|Any CPU.Build.0 = Debug|Any CPU
		{758DBDED-B4A6-4414-BDA9-81E0644C5CA3}.Release|Any CPU.ActiveCfg = Release|Any CPU
		{758DBDED-B4A6-4414-BDA9-81E0644C5CA3}.Release|Any CPU.Build.0 = Release|Any CPU
		{9D40FD25-7ECA-4118-83CE-6308258EE2BA}.Debug|Any CPU.ActiveCfg = Debug|Any CPU
		{9D40FD25-7ECA-4118-83CE-6308258EE2BA}.Debug|Any CPU.Build.0 = Debug|Any CPU
		{9D40FD25-7ECA-4118-83CE-6308258EE2BA}.Release|Any CPU.ActiveCfg = Release|Any CPU
		{9D40FD25-7ECA-4118-83CE-6308258EE2BA}.Release|Any CPU.Build.0 = Release|Any CPU
	EndGlobalSection
	GlobalSection(SolutionProperties) = preSolution
		HideSolutionNode = FALSE
	EndGlobalSection
	GlobalSection(ExtensibilityGlobals) = postSolution
		SolutionGuid = {873656A0-7747-4A89-AE57-BD7F0188999A}
	EndGlobalSection
EndGlobal
